
Microsoft Visual Studio Solution File, Format Version 12.00
# Visual Studio 15
VisualStudioVersion = 15.0.26124.0
MinimumVisualStudioVersion = 15.0.26124.0
Project("{FAE04EC0-301F-11D3-BF4B-00C04F79EFBC}") = "Core", "src\Core\Core.csproj", "{D2481FD1-0864-49E0-9253-B5D00BAC1E33}"
EndProject
Project("{FAE04EC0-301F-11D3-BF4B-00C04F79EFBC}") = "Infrastructure", "src\Infrastructure\Infrastructure.csproj", "{2B52524D-5820-4C6D-9F8E-1481CBD112E9}"
EndProject
Project("{FAE04EC0-301F-11D3-BF4B-00C04F79EFBC}") = "SharedKernel", "src\SharedKernel\SharedKernel.csproj", "{6D3FD57A-DA6B-422B-B45F-42DA6F9C9D68}"
EndProject
Project("{FAE04EC0-301F-11D3-BF4B-00C04F79EFBC}") = "Web", "src\Web\Web.csproj", "{B87D800D-EF26-4D34-8EE8-F26BF7A8EF76}"
EndProject
Global
	GlobalSection(SolutionConfigurationPlatforms) = preSolution
		Debug|Any CPU = Debug|Any CPU
		Debug|x64 = Debug|x64
		Debug|x86 = Debug|x86
		Release|Any CPU = Release|Any CPU
		Release|x64 = Release|x64
		Release|x86 = Release|x86
	EndGlobalSection
	GlobalSection(SolutionProperties) = preSolution
		HideSolutionNode = FALSE
	EndGlobalSection
	GlobalSection(ProjectConfigurationPlatforms) = postSolution
		{D2481FD1-0864-49E0-9253-B5D00BAC1E33}.Debug|Any CPU.ActiveCfg = Debug|Any CPU
		{D2481FD1-0864-49E0-9253-B5D00BAC1E33}.Debug|Any CPU.Build.0 = Debug|Any CPU
		{D2481FD1-0864-49E0-9253-B5D00BAC1E33}.Debug|x64.ActiveCfg = Debug|Any CPU
		{D2481FD1-0864-49E0-9253-B5D00BAC1E33}.Debug|x64.Build.0 = Debug|Any CPU
		{D2481FD1-0864-49E0-9253-B5D00BAC1E33}.Debug|x86.ActiveCfg = Debug|Any CPU
		{D2481FD1-0864-49E0-9253-B5D00BAC1E33}.Debug|x86.Build.0 = Debug|Any CPU
		{D2481FD1-0864-49E0-9253-B5D00BAC1E33}.Release|Any CPU.ActiveCfg = Release|Any CPU
		{D2481FD1-0864-49E0-9253-B5D00BAC1E33}.Release|Any CPU.Build.0 = Release|Any CPU
		{D2481FD1-0864-49E0-9253-B5D00BAC1E33}.Release|x64.ActiveCfg = Release|Any CPU
		{D2481FD1-0864-49E0-9253-B5D00BAC1E33}.Release|x64.Build.0 = Release|Any CPU
		{D2481FD1-0864-49E0-9253-B5D00BAC1E33}.Release|x86.ActiveCfg = Release|Any CPU
		{D2481FD1-0864-49E0-9253-B5D00BAC1E33}.Release|x86.Build.0 = Release|Any CPU
		{2B52524D-5820-4C6D-9F8E-1481CBD112E9}.Debug|Any CPU.ActiveCfg = Debug|Any CPU
		{2B52524D-5820-4C6D-9F8E-1481CBD112E9}.Debug|Any CPU.Build.0 = Debug|Any CPU
		{2B52524D-5820-4C6D-9F8E-1481CBD112E9}.Debug|x64.ActiveCfg = Debug|Any CPU
		{2B52524D-5820-4C6D-9F8E-1481CBD112E9}.Debug|x64.Build.0 = Debug|Any CPU
		{2B52524D-5820-4C6D-9F8E-1481CBD112E9}.Debug|x86.ActiveCfg = Debug|Any CPU
		{2B52524D-5820-4C6D-9F8E-1481CBD112E9}.Debug|x86.Build.0 = Debug|Any CPU
		{2B52524D-5820-4C6D-9F8E-1481CBD112E9}.Release|Any CPU.ActiveCfg = Release|Any CPU
		{2B52524D-5820-4C6D-9F8E-1481CBD112E9}.Release|Any CPU.Build.0 = Release|Any CPU
		{2B52524D-5820-4C6D-9F8E-1481CBD112E9}.Release|x64.ActiveCfg = Release|Any CPU
		{2B52524D-5820-4C6D-9F8E-1481CBD112E9}.Release|x64.Build.0 = Release|Any CPU
		{2B52524D-5820-4C6D-9F8E-1481CBD112E9}.Release|x86.ActiveCfg = Release|Any CPU
		{2B52524D-5820-4C6D-9F8E-1481CBD112E9}.Release|x86.Build.0 = Release|Any CPU
		{6D3FD57A-DA6B-422B-B45F-42DA6F9C9D68}.Debug|Any CPU.ActiveCfg = Debug|Any CPU
		{6D3FD57A-DA6B-422B-B45F-42DA6F9C9D68}.Debug|Any CPU.Build.0 = Debug|Any CPU
		{6D3FD57A-DA6B-422B-B45F-42DA6F9C9D68}.Debug|x64.ActiveCfg = Debug|Any CPU
		{6D3FD57A-DA6B-422B-B45F-42DA6F9C9D68}.Debug|x64.Build.0 = Debug|Any CPU
		{6D3FD57A-DA6B-422B-B45F-42DA6F9C9D68}.Debug|x86.ActiveCfg = Debug|Any CPU
		{6D3FD57A-DA6B-422B-B45F-42DA6F9C9D68}.Debug|x86.Build.0 = Debug|Any CPU
		{6D3FD57A-DA6B-422B-B45F-42DA6F9C9D68}.Release|Any CPU.ActiveCfg = Release|Any CPU
		{6D3FD57A-DA6B-422B-B45F-42DA6F9C9D68}.Release|Any CPU.Build.0 = Release|Any CPU
		{6D3FD57A-DA6B-422B-B45F-42DA6F9C9D68}.Release|x64.ActiveCfg = Release|Any CPU
		{6D3FD57A-DA6B-422B-B45F-42DA6F9C9D68}.Release|x64.Build.0 = Release|Any CPU
		{6D3FD57A-DA6B-422B-B45F-42DA6F9C9D68}.Release|x86.ActiveCfg = Release|Any CPU
		{6D3FD57A-DA6B-422B-B45F-42DA6F9C9D68}.Release|x86.Build.0 = Release|Any CPU
		{B87D800D-EF26-4D34-8EE8-F26BF7A8EF76}.Debug|Any CPU.ActiveCfg = Debug|Any CPU
		{B87D800D-EF26-4D34-8EE8-F26BF7A8EF76}.Debug|Any CPU.Build.0 = Debug|Any CPU
		{B87D800D-EF26-4D34-8EE8-F26BF7A8EF76}.Debug|x64.ActiveCfg = Debug|Any CPU
		{B87D800D-EF26-4D34-8EE8-F26BF7A8EF76}.Debug|x64.Build.0 = Debug|Any CPU
		{B87D800D-EF26-4D34-8EE8-F26BF7A8EF76}.Debug|x86.ActiveCfg = Debug|Any CPU
		{B87D800D-EF26-4D34-8EE8-F26BF7A8EF76}.Debug|x86.Build.0 = Debug|Any CPU
		{B87D800D-EF26-4D34-8EE8-F26BF7A8EF76}.Release|Any CPU.ActiveCfg = Release|Any CPU
		{B87D800D-EF26-4D34-8EE8-F26BF7A8EF76}.Release|Any CPU.Build.0 = Release|Any CPU
		{B87D800D-EF26-4D34-8EE8-F26BF7A8EF76}.Release|x64.ActiveCfg = Release|Any CPU
		{B87D800D-EF26-4D34-8EE8-F26BF7A8EF76}.Release|x64.Build.0 = Release|Any CPU
		{B87D800D-EF26-4D34-8EE8-F26BF7A8EF76}.Release|x86.ActiveCfg = Release|Any CPU
		{B87D800D-EF26-4D34-8EE8-F26BF7A8EF76}.Release|x86.Build.0 = Release|Any CPU
	EndGlobalSection
	GlobalSection(NestedProjects) = preSolution
		{D2481FD1-0864-49E0-9253-B5D00BAC1E33} = {BFBE631A-8F25-4E05-93DD-C91E2627466B}
		{2B52524D-5820-4C6D-9F8E-1481CBD112E9} = {8E42F14F-E621-42CD-BE24-9E47E724EDAE}
		{6D3FD57A-DA6B-422B-B45F-42DA6F9C9D68} = {8E42F14F-E621-42CD-BE24-9E47E724EDAE}
		{B87D800D-EF26-4D34-8EE8-F26BF7A8EF76} = {8E42F14F-E621-42CD-BE24-9E47E724EDAE}
	EndGlobalSection
EndGlobal
