
Microsoft Visual Studio Solution File, Format Version 12.00
# Visual Studio Version 16
VisualStudioVersion = 16.0.30804.86
MinimumVisualStudioVersion = 15.0.26124.0
Project("{9A19103F-16F7-4668-BE54-9A1E7A4F7556}") = "Core", "src\Core\Core.csproj", "{6EEF5011-5F8B-4AB6-BB51-856A1E130FCB}"
EndProject
Project("{9A19103F-16F7-4668-BE54-9A1E7A4F7556}") = "Infrastructure", "src\Infrastructure\Infrastructure.csproj", "{4FC2D6BE-0329-43C5-A944-2375F4F256F3}"
EndProject
Project("{9A19103F-16F7-4668-BE54-9A1E7A4F7556}") = "SharedKernel", "src\SharedKernel\SharedKernel.csproj", "{55D780FA-A3F7-4317-87FB-D96BD5298B20}"
EndProject
Project("{9A19103F-16F7-4668-BE54-9A1E7A4F7556}") = "Web", "src\Web\Web.csproj", "{B82FAA3C-4A2F-49A2-95A9-56301EEB611B}"
EndProject
Global
	GlobalSection(SolutionConfigurationPlatforms) = preSolution
		Debug|Any CPU = Debug|Any CPU
		Release|Any CPU = Release|Any CPU
	EndGlobalSection
	GlobalSection(ProjectConfigurationPlatforms) = postSolution
		{6EEF5011-5F8B-4AB6-BB51-856A1E130FCB}.Debug|Any CPU.ActiveCfg = Debug|Any CPU
		{6EEF5011-5F8B-4AB6-BB51-856A1E130FCB}.Debug|Any CPU.Build.0 = Debug|Any CPU
		{6EEF5011-5F8B-4AB6-BB51-856A1E130FCB}.Release|Any CPU.ActiveCfg = Release|Any CPU
		{6EEF5011-5F8B-4AB6-BB51-856A1E130FCB}.Release|Any CPU.Build.0 = Release|Any CPU
		{4FC2D6BE-0329-43C5-A944-2375F4F256F3}.Debug|Any CPU.ActiveCfg = Debug|Any CPU
		{4FC2D6BE-0329-43C5-A944-2375F4F256F3}.Debug|Any CPU.Build.0 = Debug|Any CPU
		{4FC2D6BE-0329-43C5-A944-2375F4F256F3}.Release|Any CPU.ActiveCfg = Release|Any CPU
		{4FC2D6BE-0329-43C5-A944-2375F4F256F3}.Release|Any CPU.Build.0 = Release|Any CPU
		{55D780FA-A3F7-4317-87FB-D96BD5298B20}.Debug|Any CPU.ActiveCfg = Debug|Any CPU
		{55D780FA-A3F7-4317-87FB-D96BD5298B20}.Debug|Any CPU.Build.0 = Debug|Any CPU
		{55D780FA-A3F7-4317-87FB-D96BD5298B20}.Release|Any CPU.ActiveCfg = Release|Any CPU
		{55D780FA-A3F7-4317-87FB-D96BD5298B20}.Release|Any CPU.Build.0 = Release|Any CPU
		{B82FAA3C-4A2F-49A2-95A9-56301EEB611B}.Debug|Any CPU.ActiveCfg = Debug|Any CPU
		{B82FAA3C-4A2F-49A2-95A9-56301EEB611B}.Debug|Any CPU.Build.0 = Debug|Any CPU
		{B82FAA3C-4A2F-49A2-95A9-56301EEB611B}.Release|Any CPU.ActiveCfg = Release|Any CPU
		{B82FAA3C-4A2F-49A2-95A9-56301EEB611B}.Release|Any CPU.Build.0 = Release|Any CPU
	EndGlobalSection
	GlobalSection(SolutionProperties) = preSolution
		HideSolutionNode = FALSE
	EndGlobalSection
	GlobalSection(ExtensibilityGlobals) = postSolution
		SolutionGuid = {5BBE156F-7E08-4B76-80BB-60FDE0B1B26D}
	EndGlobalSection
EndGlobal
